
Microsoft Visual Studio Solution File, Format Version 12.00
# Visual Studio Version 17
VisualStudioVersion = 17.5.002.0
MinimumVisualStudioVersion = 10.0.40219.1
Project("{2150E333-8FDC-42A3-9474-1A3956D46DE8}") = "src", "src", "{AC1F3D47-3421-4E0B-B8E5-D4C007645418}"
EndProject
Project("{2150E333-8FDC-42A3-9474-1A3956D46DE8}") = "Common", "Common", "{56F6DDC8-ED07-4847-A5AA-0C1591E16678}"
EndProject
Project("{2150E333-8FDC-42A3-9474-1A3956D46DE8}") = "Data", "Data", "{A4A54C11-4442-4A3D-A276-A762AA1DB7E0}"
EndProject
Project("{2150E333-8FDC-42A3-9474-1A3956D46DE8}") = "Core", "Core", "{F8723C13-BCE8-45E5-9773-0E1EDBBB0244}"
EndProject
Project("{9A19103F-16F7-4668-BE54-9A1E7A4F7556}") = "ParusRx.Data.Core", "src\Common\Data\Core\src\ParusRx.Data.Core.csproj", "{CD9CDE0A-079B-44C1-A422-8C97F0FB46AD}"
EndProject
Project("{9A19103F-16F7-4668-BE54-9A1E7A4F7556}") = "ParusRx.Data.Core.Tests", "src\Common\Data\Core\test\ParusRx.Data.Core.Tests.csproj", "{DECED4C7-42ED-4D9D-9213-11A1721B7AFC}"
EndProject
Project("{2150E333-8FDC-42A3-9474-1A3956D46DE8}") = "Oracle", "Oracle", "{44469A09-6483-4FD8-B463-DECCB90E0852}"
EndProject
Project("{9A19103F-16F7-4668-BE54-9A1E7A4F7556}") = "ParusRx.Data.Oracle", "src\Common\Data\Oracle\src\ParusRx.Data.Oracle.csproj", "{E3ED0AF3-7D30-43BB-920B-939861AD5B68}"
EndProject
Project("{9A19103F-16F7-4668-BE54-9A1E7A4F7556}") = "ParusRx.Data.Oracle.Tests", "src\Common\Data\Oracle\test\ParusRx.Data.Oracle.Tests.csproj", "{99EA0355-074C-4F0E-86CA-A7C18A798E78}"
EndProject
Project("{2150E333-8FDC-42A3-9474-1A3956D46DE8}") = "PostgreSQL", "PostgreSQL", "{5B2E9268-F3F1-4FBE-9541-2FD855BD9A6E}"
EndProject
Project("{9A19103F-16F7-4668-BE54-9A1E7A4F7556}") = "ParusRx.Data.PostgreSQL", "src\Common\Data\PostgreSQL\src\ParusRx.Data.PostgreSQL.csproj", "{16AC55FB-16A9-4ADC-8D72-D2AF3ED00DAD}"
EndProject
Project("{9A19103F-16F7-4668-BE54-9A1E7A4F7556}") = "ParusRx.Data.PostgreSQL.Tests", "src\Common\Data\PostgreSQL\test\ParusRx.Data.PostgreSQL.Tests.csproj", "{5924024C-B6B9-492F-92C0-0B215DDAA8C4}"
EndProject
Project("{2150E333-8FDC-42A3-9474-1A3956D46DE8}") = "Storage", "Storage", "{E6A53770-711B-47BB-BADB-98E3BF9F664C}"
EndProject
Project("{2150E333-8FDC-42A3-9474-1A3956D46DE8}") = "Abstractions", "Abstractions", "{DC4702FE-C996-4215-8500-ECAEF362117F}"
EndProject
Project("{9A19103F-16F7-4668-BE54-9A1E7A4F7556}") = "ParusRx.Storage.Abstractions", "src\Common\Storage\Abstractions\src\ParusRx.Storage.Abstractions.csproj", "{21A933E1-94EE-410A-9FC3-67CC97C07F15}"
EndProject
Project("{2150E333-8FDC-42A3-9474-1A3956D46DE8}") = "Oracle", "Oracle", "{840A8033-462A-4C40-8EB1-66077DF3F109}"
EndProject
Project("{9A19103F-16F7-4668-BE54-9A1E7A4F7556}") = "ParusRx.Storage.Oracle", "src\Common\Storage\Oracle\src\ParusRx.Storage.Oracle.csproj", "{1D754D03-7313-4CE9-ABBC-5E4C42E14F30}"
EndProject
Project("{2150E333-8FDC-42A3-9474-1A3956D46DE8}") = "PostgreSQL", "PostgreSQL", "{5E8815DB-BE3B-4505-BB69-34D3D95D9DD8}"
EndProject
Project("{9A19103F-16F7-4668-BE54-9A1E7A4F7556}") = "ParusRx.Storage.PostgreSQL", "src\Common\Storage\PostgreSQL\src\ParusRx.Storage.PostgreSQL.csproj", "{9D190EF6-BA77-4A40-BC74-2C47B795A67A}"
EndProject
Project("{2150E333-8FDC-42A3-9474-1A3956D46DE8}") = "Xml", "Xml", "{0AAA7E6E-ACA3-4341-B7AF-09639467ABD5}"
EndProject
Project("{9A19103F-16F7-4668-BE54-9A1E7A4F7556}") = "ParusRx.Xml", "src\Common\Xml\src\ParusRx.Xml.csproj", "{C8B1585A-180F-47F8-98BD-AC97978F3AFA}"
EndProject
Project("{9A19103F-16F7-4668-BE54-9A1E7A4F7556}") = "ParusRx.Xml.Tests", "src\Common\Xml\test\ParusRx.Xml.Tests.csproj", "{2D1030E4-5ED0-41CF-9416-052EA1A932DD}"
EndProject
Project("{2150E333-8FDC-42A3-9474-1A3956D46DE8}") = "Gateway", "Gateway", "{69A08BFA-8477-405F-8992-A87BA8A15E8B}"
EndProject
Project("{9A19103F-16F7-4668-BE54-9A1E7A4F7556}") = "Gateway.API", "src\Gateway\Gateway.API\Gateway.API.csproj", "{8262FEB0-2096-463F-B143-AA6490F6A674}"
EndProject
Project("{2150E333-8FDC-42A3-9474-1A3956D46DE8}") = "EventBus", "EventBus", "{105EBBBA-C24E-468D-B0F3-9D3243A915AE}"
EndProject
Project("{2150E333-8FDC-42A3-9474-1A3956D46DE8}") = "Abstractions", "Abstractions", "{CF7FEE83-5248-434F-8CFA-E109E559A253}"
EndProject
Project("{9A19103F-16F7-4668-BE54-9A1E7A4F7556}") = "ParusRx.EventBus.Abstractions", "src\Common\EventBus\Abstractions\src\ParusRx.EventBus.Abstractions.csproj", "{C5D00F31-D0F0-4A73-82A2-61FAA53F5F6A}"
EndProject
Project("{2150E333-8FDC-42A3-9474-1A3956D46DE8}") = "EventBus", "EventBus", "{7F10AEA4-957B-4426-A848-29C3704810BA}"
EndProject
Project("{9A19103F-16F7-4668-BE54-9A1E7A4F7556}") = "ParusRx.EventBus", "src\Common\EventBus\EventBus\src\ParusRx.EventBus.csproj", "{2F8F3F86-4392-4511-B43A-70C084503CD5}"
EndProject
Project("{2150E333-8FDC-42A3-9474-1A3956D46DE8}") = "Dapr", "Dapr", "{B05DFCBB-8CDB-478C-8329-77FA31F9229D}"
EndProject
Project("{9A19103F-16F7-4668-BE54-9A1E7A4F7556}") = "ParusRx.EventBus.Dapr", "src\Common\EventBus\Dapr\src\ParusRx.EventBus.Dapr.csproj", "{7E533461-8C7B-4326-9868-4CB05C4D1A57}"
EndProject
Project("{9A19103F-16F7-4668-BE54-9A1E7A4F7556}") = "Gateway.FunctionalTests", "src\Gateway\Gateway.FunctionalTests\Gateway.FunctionalTests.csproj", "{39F41527-3193-4471-9D9E-372B8D1DDE1B}"
EndProject
Project("{2150E333-8FDC-42A3-9474-1A3956D46DE8}") = "Services", "Services", "{C54BA83C-0E7C-4DEE-B5EC-D51113EED0BC}"
EndProject
Project("{2150E333-8FDC-42A3-9474-1A3956D46DE8}") = "HRlink", "HRlink", "{D6511C9B-E87F-4489-AD81-877A9127A1E7}"
EndProject
Project("{9A19103F-16F7-4668-BE54-9A1E7A4F7556}") = "HRlink.API", "src\Services\HRlink\HRlink.API\HRlink.API.csproj", "{03482A94-598B-437A-A54A-88CE41407D02}"
EndProject
Project("{9A19103F-16F7-4668-BE54-9A1E7A4F7556}") = "HRlink.FunctionalTests", "src\Services\HRlink\HRlink.FunctionalTests\HRlink.FunctionalTests.csproj", "{E4AE4F0F-4FC5-42E1-85AA-4507B2D0EB2C}"
EndProject
Project("{9A19103F-16F7-4668-BE54-9A1E7A4F7556}") = "HRlink.Tests", "src\Services\HRlink\HRlink.Tests\HRlink.Tests.csproj", "{0EACB41A-08B1-4B16-A9CB-8BCF9C574163}"
EndProject
Project("{2150E333-8FDC-42A3-9474-1A3956D46DE8}") = "DaData", "DaData", "{F1130FDE-B6DE-4AFF-A91C-107AE905C8B2}"
EndProject
Project("{9A19103F-16F7-4668-BE54-9A1E7A4F7556}") = "DaData.API", "src\Services\DaData\DaData.API\DaData.API.csproj", "{8E98E259-621E-4C0F-84BE-A2F5249A2F8C}"
EndProject
Project("{9A19103F-16F7-4668-BE54-9A1E7A4F7556}") = "DaData.Tests", "src\Services\DaData\DaData.Tests\DaData.Tests.csproj", "{CCC4F9E9-F4DD-4282-876B-E55D3E1FBF60}"
EndProject
Project("{2150E333-8FDC-42A3-9474-1A3956D46DE8}") = "Extensions", "Extensions", "{FE0C7C0E-0CC8-42E1-8C11-5369FEC7FCAD}"
EndProject
Project("{2150E333-8FDC-42A3-9474-1A3956D46DE8}") = "Egisz", "Egisz", "{C2227C4E-9E07-4C78-9627-8154A2840BE5}"
EndProject
Project("{9A19103F-16F7-4668-BE54-9A1E7A4F7556}") = "ParusRx.Extensions.Http", "src\Common\Extensions\ParusRx.Extensons.Http\src\ParusRx.Extensions.Http.csproj", "{B942F187-0D72-41F1-AE0C-6324C1E9FC4A}"
EndProject
Project("{2150E333-8FDC-42A3-9474-1A3956D46DE8}") = "Frmo", "Frmo", "{FA114103-4BFC-4822-A6C2-6295BB0E4433}"
EndProject
Project("{9A19103F-16F7-4668-BE54-9A1E7A4F7556}") = "Frmo.API", "src\Services\Egisz\Frmo\Frmo.API\Frmo.API.csproj", "{DE826882-095E-452A-A79B-D014DE095E03}"
EndProject
Project("{9A19103F-16F7-4668-BE54-9A1E7A4F7556}") = "Frmo.Tests", "src\Services\Egisz\Frmo\Frmo.Tests\Frmo.Tests.csproj", "{9B0417C3-229A-4C48-A429-E3B3F7168E64}"
EndProject
Project("{2150E333-8FDC-42A3-9474-1A3956D46DE8}") = "Ips", "Ips", "{03B301F5-D9BA-424F-8597-EFF51D510A4C}"
EndProject
Project("{9A19103F-16F7-4668-BE54-9A1E7A4F7556}") = "Ips.IdentityProvider.API", "src\Services\Egisz\Ips\Ips.IdentityProvider.API\Ips.IdentityProvider.API.csproj", "{6214F67D-4688-4172-902F-FDA806F95E38}"
EndProject
Project("{2150E333-8FDC-42A3-9474-1A3956D46DE8}") = "Frmr", "Frmr", "{BF9CAF14-7B9E-447D-AF58-CBD2AF8232A9}"
EndProject
Project("{9A19103F-16F7-4668-BE54-9A1E7A4F7556}") = "Frmr.API", "src\Services\Egisz\Frmr\Frmr.API\Frmr.API.csproj", "{3B209F24-BAF2-42FE-9D50-46D6460DEBD1}"
EndProject
Project("{9A19103F-16F7-4668-BE54-9A1E7A4F7556}") = "Frmr.Tests", "src\Services\Egisz\Frmr\Frmr.Tests\Frmr.Tests.csproj", "{5A31B495-E02A-4495-B471-0721DF33AB73}"
EndProject
Project("{2150E333-8FDC-42A3-9474-1A3956D46DE8}") = "Mis", "Mis", "{5BD3BB85-812A-4DED-95BE-78E007564896}"
EndProject
Project("{9A19103F-16F7-4668-BE54-9A1E7A4F7556}") = "Mis.API", "src\Services\Egisz\Mis\Mis.API\Mis.API.csproj", "{71A81F45-056C-4D16-9E57-32CF1A4D3760}"
EndProject
Project("{9A19103F-16F7-4668-BE54-9A1E7A4F7556}") = "Frmo.Domain", "src\Services\Egisz\Frmo\Frmo.Domain\Frmo.Domain.csproj", "{0D96A05A-B6E8-4290-9AB8-7BBA457430BC}"
EndProject
Project("{9A19103F-16F7-4668-BE54-9A1E7A4F7556}") = "Frmr.Domain", "src\Services\Egisz\Frmr\Frmr.Domain\Frmr.Domain.csproj", "{3B38BE8B-F63E-4EB9-9905-9A636518E87F}"
EndProject
Project("{9A19103F-16F7-4668-BE54-9A1E7A4F7556}") = "Frmr", "src\Services\Egisz\Frmr\Frmr\Frmr.csproj", "{5C701C84-1485-46B5-9ADF-54C08E10D2A1}"
EndProject
Project("{FAE04EC0-301F-11D3-BF4B-00C04F79EFBC}") = "Ips.IdentityProvider", "src\Services\Egisz\Ips\Ips.IdentityProvider\Ips.IdentityProvider.csproj", "{7642B4DE-DAE8-49DC-AF61-1ED6EE424D42}"
EndProject
Project("{FAE04EC0-301F-11D3-BF4B-00C04F79EFBC}") = "Ips.IdentityProvider.Abstractions", "src\Services\Egisz\Ips\Ips.IdentityProvider.Abstractions\Ips.IdentityProvider.Abstractions.csproj", "{9C20A9B6-2D7B-4A9A-86F8-BFD3F9890FE1}"
EndProject
Project("{2150E333-8FDC-42A3-9474-1A3956D46DE8}") = "Common", "Common", "{D73F88A5-A020-456B-9138-4A6F704CDAA5}"
EndProject
Project("{FAE04EC0-301F-11D3-BF4B-00C04F79EFBC}") = "Frmo", "src\Services\Egisz\Frmo\Frmo\Frmo.csproj", "{906176C8-CE6F-412D-9DB2-DB7C67733A4D}"
EndProject
Project("{FAE04EC0-301F-11D3-BF4B-00C04F79EFBC}") = "Ips.IdentityProvider.Tests", "src\Services\Egisz\Ips\Ips.IdentityProvider.Tests\Ips.IdentityProvider.Tests.csproj", "{F3198CB1-E043-4885-B525-7C6FD54CD9F1}"
EndProject
Project("{FAE04EC0-301F-11D3-BF4B-00C04F79EFBC}") = "ParusRx.Egisz.Common", "src\Services\Egisz\Common\ParusRx.Egisz.Common\ParusRx.Egisz.Common.csproj", "{62E6CB99-9830-451D-AE79-2ACBE3DE15F6}"
EndProject
Global
	GlobalSection(SolutionConfigurationPlatforms) = preSolution
		Debug|Any CPU = Debug|Any CPU
		Release|Any CPU = Release|Any CPU
	EndGlobalSection
	GlobalSection(ProjectConfigurationPlatforms) = postSolution
		{CD9CDE0A-079B-44C1-A422-8C97F0FB46AD}.Debug|Any CPU.ActiveCfg = Debug|Any CPU
		{CD9CDE0A-079B-44C1-A422-8C97F0FB46AD}.Debug|Any CPU.Build.0 = Debug|Any CPU
		{CD9CDE0A-079B-44C1-A422-8C97F0FB46AD}.Release|Any CPU.ActiveCfg = Release|Any CPU
		{CD9CDE0A-079B-44C1-A422-8C97F0FB46AD}.Release|Any CPU.Build.0 = Release|Any CPU
		{DECED4C7-42ED-4D9D-9213-11A1721B7AFC}.Debug|Any CPU.ActiveCfg = Debug|Any CPU
		{DECED4C7-42ED-4D9D-9213-11A1721B7AFC}.Debug|Any CPU.Build.0 = Debug|Any CPU
		{DECED4C7-42ED-4D9D-9213-11A1721B7AFC}.Release|Any CPU.ActiveCfg = Release|Any CPU
		{DECED4C7-42ED-4D9D-9213-11A1721B7AFC}.Release|Any CPU.Build.0 = Release|Any CPU
		{E3ED0AF3-7D30-43BB-920B-939861AD5B68}.Debug|Any CPU.ActiveCfg = Debug|Any CPU
		{E3ED0AF3-7D30-43BB-920B-939861AD5B68}.Debug|Any CPU.Build.0 = Debug|Any CPU
		{E3ED0AF3-7D30-43BB-920B-939861AD5B68}.Release|Any CPU.ActiveCfg = Release|Any CPU
		{E3ED0AF3-7D30-43BB-920B-939861AD5B68}.Release|Any CPU.Build.0 = Release|Any CPU
		{99EA0355-074C-4F0E-86CA-A7C18A798E78}.Debug|Any CPU.ActiveCfg = Debug|Any CPU
		{99EA0355-074C-4F0E-86CA-A7C18A798E78}.Debug|Any CPU.Build.0 = Debug|Any CPU
		{99EA0355-074C-4F0E-86CA-A7C18A798E78}.Release|Any CPU.ActiveCfg = Release|Any CPU
		{99EA0355-074C-4F0E-86CA-A7C18A798E78}.Release|Any CPU.Build.0 = Release|Any CPU
		{16AC55FB-16A9-4ADC-8D72-D2AF3ED00DAD}.Debug|Any CPU.ActiveCfg = Debug|Any CPU
		{16AC55FB-16A9-4ADC-8D72-D2AF3ED00DAD}.Debug|Any CPU.Build.0 = Debug|Any CPU
		{16AC55FB-16A9-4ADC-8D72-D2AF3ED00DAD}.Release|Any CPU.ActiveCfg = Release|Any CPU
		{16AC55FB-16A9-4ADC-8D72-D2AF3ED00DAD}.Release|Any CPU.Build.0 = Release|Any CPU
		{5924024C-B6B9-492F-92C0-0B215DDAA8C4}.Debug|Any CPU.ActiveCfg = Debug|Any CPU
		{5924024C-B6B9-492F-92C0-0B215DDAA8C4}.Debug|Any CPU.Build.0 = Debug|Any CPU
		{5924024C-B6B9-492F-92C0-0B215DDAA8C4}.Release|Any CPU.ActiveCfg = Release|Any CPU
		{5924024C-B6B9-492F-92C0-0B215DDAA8C4}.Release|Any CPU.Build.0 = Release|Any CPU
		{21A933E1-94EE-410A-9FC3-67CC97C07F15}.Debug|Any CPU.ActiveCfg = Debug|Any CPU
		{21A933E1-94EE-410A-9FC3-67CC97C07F15}.Debug|Any CPU.Build.0 = Debug|Any CPU
		{21A933E1-94EE-410A-9FC3-67CC97C07F15}.Release|Any CPU.ActiveCfg = Release|Any CPU
		{21A933E1-94EE-410A-9FC3-67CC97C07F15}.Release|Any CPU.Build.0 = Release|Any CPU
		{1D754D03-7313-4CE9-ABBC-5E4C42E14F30}.Debug|Any CPU.ActiveCfg = Debug|Any CPU
		{1D754D03-7313-4CE9-ABBC-5E4C42E14F30}.Debug|Any CPU.Build.0 = Debug|Any CPU
		{1D754D03-7313-4CE9-ABBC-5E4C42E14F30}.Release|Any CPU.ActiveCfg = Release|Any CPU
		{1D754D03-7313-4CE9-ABBC-5E4C42E14F30}.Release|Any CPU.Build.0 = Release|Any CPU
		{9D190EF6-BA77-4A40-BC74-2C47B795A67A}.Debug|Any CPU.ActiveCfg = Debug|Any CPU
		{9D190EF6-BA77-4A40-BC74-2C47B795A67A}.Debug|Any CPU.Build.0 = Debug|Any CPU
		{9D190EF6-BA77-4A40-BC74-2C47B795A67A}.Release|Any CPU.ActiveCfg = Release|Any CPU
		{9D190EF6-BA77-4A40-BC74-2C47B795A67A}.Release|Any CPU.Build.0 = Release|Any CPU
		{C8B1585A-180F-47F8-98BD-AC97978F3AFA}.Debug|Any CPU.ActiveCfg = Debug|Any CPU
		{C8B1585A-180F-47F8-98BD-AC97978F3AFA}.Debug|Any CPU.Build.0 = Debug|Any CPU
		{C8B1585A-180F-47F8-98BD-AC97978F3AFA}.Release|Any CPU.ActiveCfg = Release|Any CPU
		{C8B1585A-180F-47F8-98BD-AC97978F3AFA}.Release|Any CPU.Build.0 = Release|Any CPU
		{2D1030E4-5ED0-41CF-9416-052EA1A932DD}.Debug|Any CPU.ActiveCfg = Debug|Any CPU
		{2D1030E4-5ED0-41CF-9416-052EA1A932DD}.Debug|Any CPU.Build.0 = Debug|Any CPU
		{2D1030E4-5ED0-41CF-9416-052EA1A932DD}.Release|Any CPU.ActiveCfg = Release|Any CPU
		{2D1030E4-5ED0-41CF-9416-052EA1A932DD}.Release|Any CPU.Build.0 = Release|Any CPU
		{8262FEB0-2096-463F-B143-AA6490F6A674}.Debug|Any CPU.ActiveCfg = Debug|Any CPU
		{8262FEB0-2096-463F-B143-AA6490F6A674}.Debug|Any CPU.Build.0 = Debug|Any CPU
		{8262FEB0-2096-463F-B143-AA6490F6A674}.Release|Any CPU.ActiveCfg = Release|Any CPU
		{8262FEB0-2096-463F-B143-AA6490F6A674}.Release|Any CPU.Build.0 = Release|Any CPU
		{C5D00F31-D0F0-4A73-82A2-61FAA53F5F6A}.Debug|Any CPU.ActiveCfg = Debug|Any CPU
		{C5D00F31-D0F0-4A73-82A2-61FAA53F5F6A}.Debug|Any CPU.Build.0 = Debug|Any CPU
		{C5D00F31-D0F0-4A73-82A2-61FAA53F5F6A}.Release|Any CPU.ActiveCfg = Release|Any CPU
		{C5D00F31-D0F0-4A73-82A2-61FAA53F5F6A}.Release|Any CPU.Build.0 = Release|Any CPU
		{2F8F3F86-4392-4511-B43A-70C084503CD5}.Debug|Any CPU.ActiveCfg = Debug|Any CPU
		{2F8F3F86-4392-4511-B43A-70C084503CD5}.Debug|Any CPU.Build.0 = Debug|Any CPU
		{2F8F3F86-4392-4511-B43A-70C084503CD5}.Release|Any CPU.ActiveCfg = Release|Any CPU
		{2F8F3F86-4392-4511-B43A-70C084503CD5}.Release|Any CPU.Build.0 = Release|Any CPU
		{7E533461-8C7B-4326-9868-4CB05C4D1A57}.Debug|Any CPU.ActiveCfg = Debug|Any CPU
		{7E533461-8C7B-4326-9868-4CB05C4D1A57}.Debug|Any CPU.Build.0 = Debug|Any CPU
		{7E533461-8C7B-4326-9868-4CB05C4D1A57}.Release|Any CPU.ActiveCfg = Release|Any CPU
		{7E533461-8C7B-4326-9868-4CB05C4D1A57}.Release|Any CPU.Build.0 = Release|Any CPU
		{39F41527-3193-4471-9D9E-372B8D1DDE1B}.Debug|Any CPU.ActiveCfg = Debug|Any CPU
		{39F41527-3193-4471-9D9E-372B8D1DDE1B}.Debug|Any CPU.Build.0 = Debug|Any CPU
		{39F41527-3193-4471-9D9E-372B8D1DDE1B}.Release|Any CPU.ActiveCfg = Release|Any CPU
		{39F41527-3193-4471-9D9E-372B8D1DDE1B}.Release|Any CPU.Build.0 = Release|Any CPU
		{03482A94-598B-437A-A54A-88CE41407D02}.Debug|Any CPU.ActiveCfg = Debug|Any CPU
		{03482A94-598B-437A-A54A-88CE41407D02}.Debug|Any CPU.Build.0 = Debug|Any CPU
		{03482A94-598B-437A-A54A-88CE41407D02}.Release|Any CPU.ActiveCfg = Release|Any CPU
		{03482A94-598B-437A-A54A-88CE41407D02}.Release|Any CPU.Build.0 = Release|Any CPU
		{E4AE4F0F-4FC5-42E1-85AA-4507B2D0EB2C}.Debug|Any CPU.ActiveCfg = Debug|Any CPU
		{E4AE4F0F-4FC5-42E1-85AA-4507B2D0EB2C}.Debug|Any CPU.Build.0 = Debug|Any CPU
		{E4AE4F0F-4FC5-42E1-85AA-4507B2D0EB2C}.Release|Any CPU.ActiveCfg = Release|Any CPU
		{E4AE4F0F-4FC5-42E1-85AA-4507B2D0EB2C}.Release|Any CPU.Build.0 = Release|Any CPU
		{0EACB41A-08B1-4B16-A9CB-8BCF9C574163}.Debug|Any CPU.ActiveCfg = Debug|Any CPU
		{0EACB41A-08B1-4B16-A9CB-8BCF9C574163}.Debug|Any CPU.Build.0 = Debug|Any CPU
		{0EACB41A-08B1-4B16-A9CB-8BCF9C574163}.Release|Any CPU.ActiveCfg = Release|Any CPU
		{0EACB41A-08B1-4B16-A9CB-8BCF9C574163}.Release|Any CPU.Build.0 = Release|Any CPU
		{8E98E259-621E-4C0F-84BE-A2F5249A2F8C}.Debug|Any CPU.ActiveCfg = Debug|Any CPU
		{8E98E259-621E-4C0F-84BE-A2F5249A2F8C}.Debug|Any CPU.Build.0 = Debug|Any CPU
		{8E98E259-621E-4C0F-84BE-A2F5249A2F8C}.Release|Any CPU.ActiveCfg = Release|Any CPU
		{8E98E259-621E-4C0F-84BE-A2F5249A2F8C}.Release|Any CPU.Build.0 = Release|Any CPU
		{CCC4F9E9-F4DD-4282-876B-E55D3E1FBF60}.Debug|Any CPU.ActiveCfg = Debug|Any CPU
		{CCC4F9E9-F4DD-4282-876B-E55D3E1FBF60}.Debug|Any CPU.Build.0 = Debug|Any CPU
		{CCC4F9E9-F4DD-4282-876B-E55D3E1FBF60}.Release|Any CPU.ActiveCfg = Release|Any CPU
		{CCC4F9E9-F4DD-4282-876B-E55D3E1FBF60}.Release|Any CPU.Build.0 = Release|Any CPU
		{B942F187-0D72-41F1-AE0C-6324C1E9FC4A}.Debug|Any CPU.ActiveCfg = Debug|Any CPU
		{B942F187-0D72-41F1-AE0C-6324C1E9FC4A}.Debug|Any CPU.Build.0 = Debug|Any CPU
		{B942F187-0D72-41F1-AE0C-6324C1E9FC4A}.Release|Any CPU.ActiveCfg = Release|Any CPU
		{B942F187-0D72-41F1-AE0C-6324C1E9FC4A}.Release|Any CPU.Build.0 = Release|Any CPU
		{DE826882-095E-452A-A79B-D014DE095E03}.Debug|Any CPU.ActiveCfg = Debug|Any CPU
		{DE826882-095E-452A-A79B-D014DE095E03}.Debug|Any CPU.Build.0 = Debug|Any CPU
		{DE826882-095E-452A-A79B-D014DE095E03}.Release|Any CPU.ActiveCfg = Release|Any CPU
		{DE826882-095E-452A-A79B-D014DE095E03}.Release|Any CPU.Build.0 = Release|Any CPU
		{9B0417C3-229A-4C48-A429-E3B3F7168E64}.Debug|Any CPU.ActiveCfg = Debug|Any CPU
		{9B0417C3-229A-4C48-A429-E3B3F7168E64}.Debug|Any CPU.Build.0 = Debug|Any CPU
		{9B0417C3-229A-4C48-A429-E3B3F7168E64}.Release|Any CPU.ActiveCfg = Release|Any CPU
		{9B0417C3-229A-4C48-A429-E3B3F7168E64}.Release|Any CPU.Build.0 = Release|Any CPU
		{6214F67D-4688-4172-902F-FDA806F95E38}.Debug|Any CPU.ActiveCfg = Debug|Any CPU
		{6214F67D-4688-4172-902F-FDA806F95E38}.Debug|Any CPU.Build.0 = Debug|Any CPU
		{6214F67D-4688-4172-902F-FDA806F95E38}.Release|Any CPU.ActiveCfg = Release|Any CPU
		{6214F67D-4688-4172-902F-FDA806F95E38}.Release|Any CPU.Build.0 = Release|Any CPU
		{3B209F24-BAF2-42FE-9D50-46D6460DEBD1}.Debug|Any CPU.ActiveCfg = Debug|Any CPU
		{3B209F24-BAF2-42FE-9D50-46D6460DEBD1}.Debug|Any CPU.Build.0 = Debug|Any CPU
		{3B209F24-BAF2-42FE-9D50-46D6460DEBD1}.Release|Any CPU.ActiveCfg = Release|Any CPU
		{3B209F24-BAF2-42FE-9D50-46D6460DEBD1}.Release|Any CPU.Build.0 = Release|Any CPU
		{5A31B495-E02A-4495-B471-0721DF33AB73}.Debug|Any CPU.ActiveCfg = Debug|Any CPU
		{5A31B495-E02A-4495-B471-0721DF33AB73}.Debug|Any CPU.Build.0 = Debug|Any CPU
		{5A31B495-E02A-4495-B471-0721DF33AB73}.Release|Any CPU.ActiveCfg = Release|Any CPU
		{5A31B495-E02A-4495-B471-0721DF33AB73}.Release|Any CPU.Build.0 = Release|Any CPU
		{71A81F45-056C-4D16-9E57-32CF1A4D3760}.Debug|Any CPU.ActiveCfg = Debug|Any CPU
		{71A81F45-056C-4D16-9E57-32CF1A4D3760}.Debug|Any CPU.Build.0 = Debug|Any CPU
		{71A81F45-056C-4D16-9E57-32CF1A4D3760}.Release|Any CPU.ActiveCfg = Release|Any CPU
		{71A81F45-056C-4D16-9E57-32CF1A4D3760}.Release|Any CPU.Build.0 = Release|Any CPU
		{0D96A05A-B6E8-4290-9AB8-7BBA457430BC}.Debug|Any CPU.ActiveCfg = Debug|Any CPU
		{0D96A05A-B6E8-4290-9AB8-7BBA457430BC}.Debug|Any CPU.Build.0 = Debug|Any CPU
		{0D96A05A-B6E8-4290-9AB8-7BBA457430BC}.Release|Any CPU.ActiveCfg = Release|Any CPU
		{0D96A05A-B6E8-4290-9AB8-7BBA457430BC}.Release|Any CPU.Build.0 = Release|Any CPU
		{3B38BE8B-F63E-4EB9-9905-9A636518E87F}.Debug|Any CPU.ActiveCfg = Debug|Any CPU
		{3B38BE8B-F63E-4EB9-9905-9A636518E87F}.Debug|Any CPU.Build.0 = Debug|Any CPU
		{3B38BE8B-F63E-4EB9-9905-9A636518E87F}.Release|Any CPU.ActiveCfg = Release|Any CPU
		{3B38BE8B-F63E-4EB9-9905-9A636518E87F}.Release|Any CPU.Build.0 = Release|Any CPU
		{5C701C84-1485-46B5-9ADF-54C08E10D2A1}.Debug|Any CPU.ActiveCfg = Debug|Any CPU
		{5C701C84-1485-46B5-9ADF-54C08E10D2A1}.Debug|Any CPU.Build.0 = Debug|Any CPU
		{5C701C84-1485-46B5-9ADF-54C08E10D2A1}.Release|Any CPU.ActiveCfg = Release|Any CPU
		{5C701C84-1485-46B5-9ADF-54C08E10D2A1}.Release|Any CPU.Build.0 = Release|Any CPU
		{7642B4DE-DAE8-49DC-AF61-1ED6EE424D42}.Debug|Any CPU.ActiveCfg = Debug|Any CPU
		{7642B4DE-DAE8-49DC-AF61-1ED6EE424D42}.Debug|Any CPU.Build.0 = Debug|Any CPU
		{7642B4DE-DAE8-49DC-AF61-1ED6EE424D42}.Release|Any CPU.ActiveCfg = Release|Any CPU
		{7642B4DE-DAE8-49DC-AF61-1ED6EE424D42}.Release|Any CPU.Build.0 = Release|Any CPU
		{9C20A9B6-2D7B-4A9A-86F8-BFD3F9890FE1}.Debug|Any CPU.ActiveCfg = Debug|Any CPU
		{9C20A9B6-2D7B-4A9A-86F8-BFD3F9890FE1}.Debug|Any CPU.Build.0 = Debug|Any CPU
		{9C20A9B6-2D7B-4A9A-86F8-BFD3F9890FE1}.Release|Any CPU.ActiveCfg = Release|Any CPU
		{9C20A9B6-2D7B-4A9A-86F8-BFD3F9890FE1}.Release|Any CPU.Build.0 = Release|Any CPU
		{906176C8-CE6F-412D-9DB2-DB7C67733A4D}.Debug|Any CPU.ActiveCfg = Debug|Any CPU
		{906176C8-CE6F-412D-9DB2-DB7C67733A4D}.Debug|Any CPU.Build.0 = Debug|Any CPU
		{906176C8-CE6F-412D-9DB2-DB7C67733A4D}.Release|Any CPU.ActiveCfg = Release|Any CPU
		{906176C8-CE6F-412D-9DB2-DB7C67733A4D}.Release|Any CPU.Build.0 = Release|Any CPU
		{F3198CB1-E043-4885-B525-7C6FD54CD9F1}.Debug|Any CPU.ActiveCfg = Debug|Any CPU
		{F3198CB1-E043-4885-B525-7C6FD54CD9F1}.Debug|Any CPU.Build.0 = Debug|Any CPU
		{F3198CB1-E043-4885-B525-7C6FD54CD9F1}.Release|Any CPU.ActiveCfg = Release|Any CPU
		{F3198CB1-E043-4885-B525-7C6FD54CD9F1}.Release|Any CPU.Build.0 = Release|Any CPU
		{62E6CB99-9830-451D-AE79-2ACBE3DE15F6}.Debug|Any CPU.ActiveCfg = Debug|Any CPU
		{62E6CB99-9830-451D-AE79-2ACBE3DE15F6}.Debug|Any CPU.Build.0 = Debug|Any CPU
		{62E6CB99-9830-451D-AE79-2ACBE3DE15F6}.Release|Any CPU.ActiveCfg = Release|Any CPU
		{62E6CB99-9830-451D-AE79-2ACBE3DE15F6}.Release|Any CPU.Build.0 = Release|Any CPU
	EndGlobalSection
	GlobalSection(SolutionProperties) = preSolution
		HideSolutionNode = FALSE
	EndGlobalSection
	GlobalSection(NestedProjects) = preSolution
		{56F6DDC8-ED07-4847-A5AA-0C1591E16678} = {AC1F3D47-3421-4E0B-B8E5-D4C007645418}
		{A4A54C11-4442-4A3D-A276-A762AA1DB7E0} = {56F6DDC8-ED07-4847-A5AA-0C1591E16678}
		{F8723C13-BCE8-45E5-9773-0E1EDBBB0244} = {A4A54C11-4442-4A3D-A276-A762AA1DB7E0}
		{CD9CDE0A-079B-44C1-A422-8C97F0FB46AD} = {F8723C13-BCE8-45E5-9773-0E1EDBBB0244}
		{DECED4C7-42ED-4D9D-9213-11A1721B7AFC} = {F8723C13-BCE8-45E5-9773-0E1EDBBB0244}
		{44469A09-6483-4FD8-B463-DECCB90E0852} = {A4A54C11-4442-4A3D-A276-A762AA1DB7E0}
		{E3ED0AF3-7D30-43BB-920B-939861AD5B68} = {44469A09-6483-4FD8-B463-DECCB90E0852}
		{99EA0355-074C-4F0E-86CA-A7C18A798E78} = {44469A09-6483-4FD8-B463-DECCB90E0852}
		{5B2E9268-F3F1-4FBE-9541-2FD855BD9A6E} = {A4A54C11-4442-4A3D-A276-A762AA1DB7E0}
		{16AC55FB-16A9-4ADC-8D72-D2AF3ED00DAD} = {5B2E9268-F3F1-4FBE-9541-2FD855BD9A6E}
		{5924024C-B6B9-492F-92C0-0B215DDAA8C4} = {5B2E9268-F3F1-4FBE-9541-2FD855BD9A6E}
		{E6A53770-711B-47BB-BADB-98E3BF9F664C} = {56F6DDC8-ED07-4847-A5AA-0C1591E16678}
		{DC4702FE-C996-4215-8500-ECAEF362117F} = {E6A53770-711B-47BB-BADB-98E3BF9F664C}
		{21A933E1-94EE-410A-9FC3-67CC97C07F15} = {DC4702FE-C996-4215-8500-ECAEF362117F}
		{840A8033-462A-4C40-8EB1-66077DF3F109} = {E6A53770-711B-47BB-BADB-98E3BF9F664C}
		{1D754D03-7313-4CE9-ABBC-5E4C42E14F30} = {840A8033-462A-4C40-8EB1-66077DF3F109}
		{5E8815DB-BE3B-4505-BB69-34D3D95D9DD8} = {E6A53770-711B-47BB-BADB-98E3BF9F664C}
		{9D190EF6-BA77-4A40-BC74-2C47B795A67A} = {5E8815DB-BE3B-4505-BB69-34D3D95D9DD8}
		{0AAA7E6E-ACA3-4341-B7AF-09639467ABD5} = {56F6DDC8-ED07-4847-A5AA-0C1591E16678}
		{C8B1585A-180F-47F8-98BD-AC97978F3AFA} = {0AAA7E6E-ACA3-4341-B7AF-09639467ABD5}
		{2D1030E4-5ED0-41CF-9416-052EA1A932DD} = {0AAA7E6E-ACA3-4341-B7AF-09639467ABD5}
		{69A08BFA-8477-405F-8992-A87BA8A15E8B} = {AC1F3D47-3421-4E0B-B8E5-D4C007645418}
		{8262FEB0-2096-463F-B143-AA6490F6A674} = {69A08BFA-8477-405F-8992-A87BA8A15E8B}
		{105EBBBA-C24E-468D-B0F3-9D3243A915AE} = {56F6DDC8-ED07-4847-A5AA-0C1591E16678}
		{CF7FEE83-5248-434F-8CFA-E109E559A253} = {105EBBBA-C24E-468D-B0F3-9D3243A915AE}
		{C5D00F31-D0F0-4A73-82A2-61FAA53F5F6A} = {CF7FEE83-5248-434F-8CFA-E109E559A253}
		{7F10AEA4-957B-4426-A848-29C3704810BA} = {105EBBBA-C24E-468D-B0F3-9D3243A915AE}
		{2F8F3F86-4392-4511-B43A-70C084503CD5} = {7F10AEA4-957B-4426-A848-29C3704810BA}
		{B05DFCBB-8CDB-478C-8329-77FA31F9229D} = {105EBBBA-C24E-468D-B0F3-9D3243A915AE}
		{7E533461-8C7B-4326-9868-4CB05C4D1A57} = {B05DFCBB-8CDB-478C-8329-77FA31F9229D}
		{39F41527-3193-4471-9D9E-372B8D1DDE1B} = {69A08BFA-8477-405F-8992-A87BA8A15E8B}
		{C54BA83C-0E7C-4DEE-B5EC-D51113EED0BC} = {AC1F3D47-3421-4E0B-B8E5-D4C007645418}
		{D6511C9B-E87F-4489-AD81-877A9127A1E7} = {C54BA83C-0E7C-4DEE-B5EC-D51113EED0BC}
		{03482A94-598B-437A-A54A-88CE41407D02} = {D6511C9B-E87F-4489-AD81-877A9127A1E7}
		{E4AE4F0F-4FC5-42E1-85AA-4507B2D0EB2C} = {D6511C9B-E87F-4489-AD81-877A9127A1E7}
		{0EACB41A-08B1-4B16-A9CB-8BCF9C574163} = {D6511C9B-E87F-4489-AD81-877A9127A1E7}
		{F1130FDE-B6DE-4AFF-A91C-107AE905C8B2} = {C54BA83C-0E7C-4DEE-B5EC-D51113EED0BC}
		{8E98E259-621E-4C0F-84BE-A2F5249A2F8C} = {F1130FDE-B6DE-4AFF-A91C-107AE905C8B2}
		{CCC4F9E9-F4DD-4282-876B-E55D3E1FBF60} = {F1130FDE-B6DE-4AFF-A91C-107AE905C8B2}
		{FE0C7C0E-0CC8-42E1-8C11-5369FEC7FCAD} = {56F6DDC8-ED07-4847-A5AA-0C1591E16678}
		{C2227C4E-9E07-4C78-9627-8154A2840BE5} = {C54BA83C-0E7C-4DEE-B5EC-D51113EED0BC}
		{B942F187-0D72-41F1-AE0C-6324C1E9FC4A} = {FE0C7C0E-0CC8-42E1-8C11-5369FEC7FCAD}
		{FA114103-4BFC-4822-A6C2-6295BB0E4433} = {C2227C4E-9E07-4C78-9627-8154A2840BE5}
		{DE826882-095E-452A-A79B-D014DE095E03} = {FA114103-4BFC-4822-A6C2-6295BB0E4433}
		{9B0417C3-229A-4C48-A429-E3B3F7168E64} = {FA114103-4BFC-4822-A6C2-6295BB0E4433}
		{03B301F5-D9BA-424F-8597-EFF51D510A4C} = {C2227C4E-9E07-4C78-9627-8154A2840BE5}
		{6214F67D-4688-4172-902F-FDA806F95E38} = {03B301F5-D9BA-424F-8597-EFF51D510A4C}
		{BF9CAF14-7B9E-447D-AF58-CBD2AF8232A9} = {C2227C4E-9E07-4C78-9627-8154A2840BE5}
		{3B209F24-BAF2-42FE-9D50-46D6460DEBD1} = {BF9CAF14-7B9E-447D-AF58-CBD2AF8232A9}
		{5A31B495-E02A-4495-B471-0721DF33AB73} = {BF9CAF14-7B9E-447D-AF58-CBD2AF8232A9}
		{5BD3BB85-812A-4DED-95BE-78E007564896} = {C2227C4E-9E07-4C78-9627-8154A2840BE5}
		{71A81F45-056C-4D16-9E57-32CF1A4D3760} = {5BD3BB85-812A-4DED-95BE-78E007564896}
		{0D96A05A-B6E8-4290-9AB8-7BBA457430BC} = {FA114103-4BFC-4822-A6C2-6295BB0E4433}
		{3B38BE8B-F63E-4EB9-9905-9A636518E87F} = {BF9CAF14-7B9E-447D-AF58-CBD2AF8232A9}
		{5C701C84-1485-46B5-9ADF-54C08E10D2A1} = {BF9CAF14-7B9E-447D-AF58-CBD2AF8232A9}
		{7642B4DE-DAE8-49DC-AF61-1ED6EE424D42} = {03B301F5-D9BA-424F-8597-EFF51D510A4C}
		{9C20A9B6-2D7B-4A9A-86F8-BFD3F9890FE1} = {03B301F5-D9BA-424F-8597-EFF51D510A4C}
		{D73F88A5-A020-456B-9138-4A6F704CDAA5} = {C2227C4E-9E07-4C78-9627-8154A2840BE5}
		{906176C8-CE6F-412D-9DB2-DB7C67733A4D} = {FA114103-4BFC-4822-A6C2-6295BB0E4433}
		{F3198CB1-E043-4885-B525-7C6FD54CD9F1} = {03B301F5-D9BA-424F-8597-EFF51D510A4C}
		{62E6CB99-9830-451D-AE79-2ACBE3DE15F6} = {D73F88A5-A020-456B-9138-4A6F704CDAA5}
	EndGlobalSection
	GlobalSection(ExtensibilityGlobals) = postSolution
		SolutionGuid = {3E3B1AA8-DE08-4FE2-85A0-6BC3A39EC317}
	EndGlobalSection
EndGlobal
