
Microsoft Visual Studio Solution File, Format Version 12.00
# Visual Studio Version 17
VisualStudioVersion = 17.5.002.0
MinimumVisualStudioVersion = 10.0.40219.1
Project("{2150E333-8FDC-42A3-9474-1A3956D46DE8}") = "src", "src", "{AC1F3D47-3421-4E0B-B8E5-D4C007645418}"
EndProject
Project("{2150E333-8FDC-42A3-9474-1A3956D46DE8}") = "Common", "Common", "{56F6DDC8-ED07-4847-A5AA-0C1591E16678}"
EndProject
Project("{2150E333-8FDC-42A3-9474-1A3956D46DE8}") = "Data", "Data", "{A4A54C11-4442-4A3D-A276-A762AA1DB7E0}"
EndProject
Project("{2150E333-8FDC-42A3-9474-1A3956D46DE8}") = "Core", "Core", "{F8723C13-BCE8-45E5-9773-0E1EDBBB0244}"
EndProject
Project("{9A19103F-16F7-4668-BE54-9A1E7A4F7556}") = "ParusRx.Data.Core", "src\Common\Data\Core\src\ParusRx.Data.Core.csproj", "{CD9CDE0A-079B-44C1-A422-8C97F0FB46AD}"
EndProject
Project("{FAE04EC0-301F-11D3-BF4B-00C04F79EFBC}") = "ParusRx.Data.Core.Tests", "src\Common\Data\Core\test\ParusRx.Data.Core.Tests.csproj", "{DECED4C7-42ED-4D9D-9213-11A1721B7AFC}"
EndProject
Project("{2150E333-8FDC-42A3-9474-1A3956D46DE8}") = "Oracle", "Oracle", "{44469A09-6483-4FD8-B463-DECCB90E0852}"
EndProject
Project("{FAE04EC0-301F-11D3-BF4B-00C04F79EFBC}") = "ParusRx.Data.Oracle", "src\Common\Data\Oracle\src\ParusRx.Data.Oracle.csproj", "{E3ED0AF3-7D30-43BB-920B-939861AD5B68}"
EndProject
Project("{FAE04EC0-301F-11D3-BF4B-00C04F79EFBC}") = "ParusRx.Data.Oracle.Tests", "src\Common\Data\Oracle\test\ParusRx.Data.Oracle.Tests.csproj", "{99EA0355-074C-4F0E-86CA-A7C18A798E78}"
EndProject
Project("{2150E333-8FDC-42A3-9474-1A3956D46DE8}") = "PostgreSQL", "PostgreSQL", "{5B2E9268-F3F1-4FBE-9541-2FD855BD9A6E}"
EndProject
Project("{FAE04EC0-301F-11D3-BF4B-00C04F79EFBC}") = "ParusRx.Data.PostgreSQL", "src\Common\Data\PostgreSQL\src\ParusRx.Data.PostgreSQL.csproj", "{16AC55FB-16A9-4ADC-8D72-D2AF3ED00DAD}"
EndProject
Project("{FAE04EC0-301F-11D3-BF4B-00C04F79EFBC}") = "ParusRx.Data.PostgreSQL.Tests", "src\Common\Data\PostgreSQL\test\ParusRx.Data.PostgreSQL.Tests.csproj", "{5924024C-B6B9-492F-92C0-0B215DDAA8C4}"
EndProject
Project("{2150E333-8FDC-42A3-9474-1A3956D46DE8}") = "Storage", "Storage", "{E6A53770-711B-47BB-BADB-98E3BF9F664C}"
EndProject
Project("{2150E333-8FDC-42A3-9474-1A3956D46DE8}") = "Abstractions", "Abstractions", "{DC4702FE-C996-4215-8500-ECAEF362117F}"
EndProject
Project("{FAE04EC0-301F-11D3-BF4B-00C04F79EFBC}") = "ParusRx.Storage.Abstractions", "src\Common\Storage\Abstractions\src\ParusRx.Storage.Abstractions.csproj", "{21A933E1-94EE-410A-9FC3-67CC97C07F15}"
EndProject
Project("{2150E333-8FDC-42A3-9474-1A3956D46DE8}") = "Oracle", "Oracle", "{840A8033-462A-4C40-8EB1-66077DF3F109}"
EndProject
Project("{FAE04EC0-301F-11D3-BF4B-00C04F79EFBC}") = "ParusRx.Storage.Oracle", "src\Common\Storage\Oracle\src\ParusRx.Storage.Oracle.csproj", "{1D754D03-7313-4CE9-ABBC-5E4C42E14F30}"
EndProject
Project("{2150E333-8FDC-42A3-9474-1A3956D46DE8}") = "PostgreSQL", "PostgreSQL", "{5E8815DB-BE3B-4505-BB69-34D3D95D9DD8}"
EndProject
Project("{FAE04EC0-301F-11D3-BF4B-00C04F79EFBC}") = "ParusRx.Storage.PostgreSQL", "src\Common\Storage\PostgreSQL\src\ParusRx.Storage.PostgreSQL.csproj", "{9D190EF6-BA77-4A40-BC74-2C47B795A67A}"
EndProject
Global
	GlobalSection(SolutionConfigurationPlatforms) = preSolution
		Debug|Any CPU = Debug|Any CPU
		Release|Any CPU = Release|Any CPU
	EndGlobalSection
	GlobalSection(ProjectConfigurationPlatforms) = postSolution
		{CD9CDE0A-079B-44C1-A422-8C97F0FB46AD}.Debug|Any CPU.ActiveCfg = Debug|Any CPU
		{CD9CDE0A-079B-44C1-A422-8C97F0FB46AD}.Debug|Any CPU.Build.0 = Debug|Any CPU
		{CD9CDE0A-079B-44C1-A422-8C97F0FB46AD}.Release|Any CPU.ActiveCfg = Release|Any CPU
		{CD9CDE0A-079B-44C1-A422-8C97F0FB46AD}.Release|Any CPU.Build.0 = Release|Any CPU
		{DECED4C7-42ED-4D9D-9213-11A1721B7AFC}.Debug|Any CPU.ActiveCfg = Debug|Any CPU
		{DECED4C7-42ED-4D9D-9213-11A1721B7AFC}.Debug|Any CPU.Build.0 = Debug|Any CPU
		{DECED4C7-42ED-4D9D-9213-11A1721B7AFC}.Release|Any CPU.ActiveCfg = Release|Any CPU
		{DECED4C7-42ED-4D9D-9213-11A1721B7AFC}.Release|Any CPU.Build.0 = Release|Any CPU
		{E3ED0AF3-7D30-43BB-920B-939861AD5B68}.Debug|Any CPU.ActiveCfg = Debug|Any CPU
		{E3ED0AF3-7D30-43BB-920B-939861AD5B68}.Debug|Any CPU.Build.0 = Debug|Any CPU
		{E3ED0AF3-7D30-43BB-920B-939861AD5B68}.Release|Any CPU.ActiveCfg = Release|Any CPU
		{E3ED0AF3-7D30-43BB-920B-939861AD5B68}.Release|Any CPU.Build.0 = Release|Any CPU
		{99EA0355-074C-4F0E-86CA-A7C18A798E78}.Debug|Any CPU.ActiveCfg = Debug|Any CPU
		{99EA0355-074C-4F0E-86CA-A7C18A798E78}.Debug|Any CPU.Build.0 = Debug|Any CPU
		{99EA0355-074C-4F0E-86CA-A7C18A798E78}.Release|Any CPU.ActiveCfg = Release|Any CPU
		{99EA0355-074C-4F0E-86CA-A7C18A798E78}.Release|Any CPU.Build.0 = Release|Any CPU
		{16AC55FB-16A9-4ADC-8D72-D2AF3ED00DAD}.Debug|Any CPU.ActiveCfg = Debug|Any CPU
		{16AC55FB-16A9-4ADC-8D72-D2AF3ED00DAD}.Debug|Any CPU.Build.0 = Debug|Any CPU
		{16AC55FB-16A9-4ADC-8D72-D2AF3ED00DAD}.Release|Any CPU.ActiveCfg = Release|Any CPU
		{16AC55FB-16A9-4ADC-8D72-D2AF3ED00DAD}.Release|Any CPU.Build.0 = Release|Any CPU
		{5924024C-B6B9-492F-92C0-0B215DDAA8C4}.Debug|Any CPU.ActiveCfg = Debug|Any CPU
		{5924024C-B6B9-492F-92C0-0B215DDAA8C4}.Debug|Any CPU.Build.0 = Debug|Any CPU
		{5924024C-B6B9-492F-92C0-0B215DDAA8C4}.Release|Any CPU.ActiveCfg = Release|Any CPU
		{5924024C-B6B9-492F-92C0-0B215DDAA8C4}.Release|Any CPU.Build.0 = Release|Any CPU
		{21A933E1-94EE-410A-9FC3-67CC97C07F15}.Debug|Any CPU.ActiveCfg = Debug|Any CPU
		{21A933E1-94EE-410A-9FC3-67CC97C07F15}.Debug|Any CPU.Build.0 = Debug|Any CPU
		{21A933E1-94EE-410A-9FC3-67CC97C07F15}.Release|Any CPU.ActiveCfg = Release|Any CPU
		{21A933E1-94EE-410A-9FC3-67CC97C07F15}.Release|Any CPU.Build.0 = Release|Any CPU
		{1D754D03-7313-4CE9-ABBC-5E4C42E14F30}.Debug|Any CPU.ActiveCfg = Debug|Any CPU
		{1D754D03-7313-4CE9-ABBC-5E4C42E14F30}.Debug|Any CPU.Build.0 = Debug|Any CPU
		{1D754D03-7313-4CE9-ABBC-5E4C42E14F30}.Release|Any CPU.ActiveCfg = Release|Any CPU
		{1D754D03-7313-4CE9-ABBC-5E4C42E14F30}.Release|Any CPU.Build.0 = Release|Any CPU
		{9D190EF6-BA77-4A40-BC74-2C47B795A67A}.Debug|Any CPU.ActiveCfg = Debug|Any CPU
		{9D190EF6-BA77-4A40-BC74-2C47B795A67A}.Debug|Any CPU.Build.0 = Debug|Any CPU
		{9D190EF6-BA77-4A40-BC74-2C47B795A67A}.Release|Any CPU.ActiveCfg = Release|Any CPU
		{9D190EF6-BA77-4A40-BC74-2C47B795A67A}.Release|Any CPU.Build.0 = Release|Any CPU
	EndGlobalSection
	GlobalSection(SolutionProperties) = preSolution
		HideSolutionNode = FALSE
	EndGlobalSection
	GlobalSection(NestedProjects) = preSolution
		{56F6DDC8-ED07-4847-A5AA-0C1591E16678} = {AC1F3D47-3421-4E0B-B8E5-D4C007645418}
		{A4A54C11-4442-4A3D-A276-A762AA1DB7E0} = {56F6DDC8-ED07-4847-A5AA-0C1591E16678}
		{F8723C13-BCE8-45E5-9773-0E1EDBBB0244} = {A4A54C11-4442-4A3D-A276-A762AA1DB7E0}
		{CD9CDE0A-079B-44C1-A422-8C97F0FB46AD} = {F8723C13-BCE8-45E5-9773-0E1EDBBB0244}
		{DECED4C7-42ED-4D9D-9213-11A1721B7AFC} = {F8723C13-BCE8-45E5-9773-0E1EDBBB0244}
		{44469A09-6483-4FD8-B463-DECCB90E0852} = {A4A54C11-4442-4A3D-A276-A762AA1DB7E0}
		{E3ED0AF3-7D30-43BB-920B-939861AD5B68} = {44469A09-6483-4FD8-B463-DECCB90E0852}
		{99EA0355-074C-4F0E-86CA-A7C18A798E78} = {44469A09-6483-4FD8-B463-DECCB90E0852}
		{5B2E9268-F3F1-4FBE-9541-2FD855BD9A6E} = {A4A54C11-4442-4A3D-A276-A762AA1DB7E0}
		{16AC55FB-16A9-4ADC-8D72-D2AF3ED00DAD} = {5B2E9268-F3F1-4FBE-9541-2FD855BD9A6E}
		{5924024C-B6B9-492F-92C0-0B215DDAA8C4} = {5B2E9268-F3F1-4FBE-9541-2FD855BD9A6E}
		{E6A53770-711B-47BB-BADB-98E3BF9F664C} = {56F6DDC8-ED07-4847-A5AA-0C1591E16678}
		{DC4702FE-C996-4215-8500-ECAEF362117F} = {E6A53770-711B-47BB-BADB-98E3BF9F664C}
		{21A933E1-94EE-410A-9FC3-67CC97C07F15} = {DC4702FE-C996-4215-8500-ECAEF362117F}
		{840A8033-462A-4C40-8EB1-66077DF3F109} = {E6A53770-711B-47BB-BADB-98E3BF9F664C}
		{1D754D03-7313-4CE9-ABBC-5E4C42E14F30} = {840A8033-462A-4C40-8EB1-66077DF3F109}
		{5E8815DB-BE3B-4505-BB69-34D3D95D9DD8} = {E6A53770-711B-47BB-BADB-98E3BF9F664C}
		{9D190EF6-BA77-4A40-BC74-2C47B795A67A} = {5E8815DB-BE3B-4505-BB69-34D3D95D9DD8}
	EndGlobalSection
	GlobalSection(ExtensibilityGlobals) = postSolution
		SolutionGuid = {3E3B1AA8-DE08-4FE2-85A0-6BC3A39EC317}
	EndGlobalSection
EndGlobal
