
Microsoft Visual Studio Solution File, Format Version 12.00
# Visual Studio Version 17
VisualStudioVersion = 17.0.31903.59
MinimumVisualStudioVersion = 10.0.40219.1
Project("{2150E333-8FDC-42A3-9474-1A3956D46DE8}") = "Common", "Common", "{D91A6054-31C7-4F89-B155-2A2A0E5C2EE4}"
EndProject
Project("{2150E333-8FDC-42A3-9474-1A3956D46DE8}") = "EventBus", "EventBus", "{9DF9AB64-93AE-4BD2-8061-89719DBE3FB0}"
EndProject
Project("{9A19103F-16F7-4668-BE54-9A1E7A4F7556}") = "ParusRx.EventBus", "Common\EventBus\src\ParusRx.EventBus.csproj", "{713D9D84-BB07-4841-82B4-992770A71D3F}"
EndProject
Project("{2150E333-8FDC-42A3-9474-1A3956D46DE8}") = "Xml", "Xml", "{CE37EBE5-DC9D-4AD7-B78E-ECDF65E01231}"
EndProject
Project("{9A19103F-16F7-4668-BE54-9A1E7A4F7556}") = "ParusRx.Xml", "Common\Xml\src\ParusRx.Xml.csproj", "{B0AF4828-02B3-4699-B084-A26D75A99C62}"
EndProject
Project("{9A19103F-16F7-4668-BE54-9A1E7A4F7556}") = "ParusRx.Xml.Tests", "Common\Xml\tests\ParusRx.Xml.Tests.csproj", "{B4C275B2-7C47-4F3C-9B55-01F913B97359}"
EndProject
Project("{2150E333-8FDC-42A3-9474-1A3956D46DE8}") = "Storage", "Storage", "{4525DE21-611F-4A33-A475-B45E950D8DF8}"
EndProject
Project("{2150E333-8FDC-42A3-9474-1A3956D46DE8}") = "Abstractions", "Abstractions", "{4E268103-4AA1-4B38-8C1A-AC2B26216D44}"
EndProject
Project("{9A19103F-16F7-4668-BE54-9A1E7A4F7556}") = "ParusRx.Storage.Abstractions", "Common\Storage\Abstractions\src\ParusRx.Storage.Abstractions.csproj", "{C3B502FA-C8AD-4523-BF90-7D6F0F95D7BD}"
EndProject
Project("{2150E333-8FDC-42A3-9474-1A3956D46DE8}") = "Oracle", "Oracle", "{225A26EF-237A-4F28-9A7F-1D464716148B}"
EndProject
Project("{9A19103F-16F7-4668-BE54-9A1E7A4F7556}") = "ParusRx.Storage.Oracle", "Common\Storage\Oracle\src\ParusRx.Storage.Oracle.csproj", "{08B5EBBD-7FAE-44A6-B275-7A6D4A43FE97}"
EndProject
Project("{2150E333-8FDC-42A3-9474-1A3956D46DE8}") = "Postgres", "Postgres", "{03361916-49BB-44BA-B394-B950749C40A9}"
EndProject
Project("{9A19103F-16F7-4668-BE54-9A1E7A4F7556}") = "ParusRx.Storage.Postgres", "Common\Storage\Postgres\src\ParusRx.Storage.Postgres.csproj", "{DC68D0A1-235F-41E2-8069-C072827545A9}"
EndProject
Project("{2150E333-8FDC-42A3-9474-1A3956D46DE8}") = "MultiTenancy", "MultiTenancy", "{68CDA212-5AAC-497B-9D53-B3A285F96E63}"
EndProject
Project("{9A19103F-16F7-4668-BE54-9A1E7A4F7556}") = "ParusRx.MultiTenancy", "Common\MultiTenancy\src\ParusRx.MultiTenancy.csproj", "{4E813B70-96B4-4DE1-A2C9-500F1D4DE4B2}"
EndProject
Project("{9A19103F-16F7-4668-BE54-9A1E7A4F7556}") = "ParusRx.MultiTenancy.Tests", "Common\MultiTenancy\tests\ParusRx.MultiTenancy.Tests.csproj", "{4BD4DEA6-C365-4BE6-A4C0-1F9C5CC4AE50}"
EndProject
Project("{2150E333-8FDC-42A3-9474-1A3956D46DE8}") = "ApiGateway", "ApiGateway", "{2CA42B72-0870-411C-B5B2-2E0C31C3B94C}"
EndProject
Project("{2150E333-8FDC-42A3-9474-1A3956D46DE8}") = "src", "src", "{DDD5257C-10D0-41DF-8D7F-8C79B9416BCC}"
EndProject
Project("{9A19103F-16F7-4668-BE54-9A1E7A4F7556}") = "ParusRx.ApiGateway", "ApiGateway\src\ParusRx.ApiGateway.csproj", "{83ECA13A-1927-42C5-97B8-EF750CCAE8DB}"
EndProject
Project("{2150E333-8FDC-42A3-9474-1A3956D46DE8}") = "tests", "tests", "{6D83689F-74A3-4FB2-AFCB-F90FDC0E56F4}"
EndProject
Project("{9A19103F-16F7-4668-BE54-9A1E7A4F7556}") = "ParusRx.ApiGateway.UnitTests", "ApiGateway\tests\ApiGateway.UnitTests\ParusRx.ApiGateway.UnitTests.csproj", "{79FDE682-B5D7-4C68-9BC3-B88C827014A8}"
EndProject
Project("{9A19103F-16F7-4668-BE54-9A1E7A4F7556}") = "ParusRx.ApiGateway.FunctionalTests", "ApiGateway\tests\ApiGateway.FunctionalTests\ParusRx.ApiGateway.FunctionalTests.csproj", "{5E20A151-A023-4124-97DD-FAD45BC846DA}"
EndProject
Project("{E53339B2-1760-4266-BCC7-CA923CBCF16C}") = "docker-compose", "docker-compose.dcproj", "{0AB44E35-B19A-4B34-8D2A-AFDA89EF3085}"
EndProject
Project("{2150E333-8FDC-42A3-9474-1A3956D46DE8}") = "Services", "Services", "{0E93DF04-3130-43AB-8F12-ED23AB12B29A}"
EndProject
Project("{2150E333-8FDC-42A3-9474-1A3956D46DE8}") = "DaData", "DaData", "{EE8DCB73-0F59-463C-8932-E721D90597DF}"
EndProject
Project("{FAE04EC0-301F-11D3-BF4B-00C04F79EFBC}") = "ParusRx.DaData.Api", "Services\DaData\DaData.Api\ParusRx.DaData.Api.csproj", "{291B412E-263C-4361-8607-19A5180D1119}"
EndProject
Project("{FAE04EC0-301F-11D3-BF4B-00C04F79EFBC}") = "ParusRx.DaData.Api.UnitTests", "Services\DaData\DaData.Api.UnitTests\ParusRx.DaData.Api.UnitTests.csproj", "{AC30A38B-A268-487A-9442-B131CDC0C4F0}"
EndProject
Global
	GlobalSection(SolutionConfigurationPlatforms) = preSolution
		Debug|Any CPU = Debug|Any CPU
		Release|Any CPU = Release|Any CPU
	EndGlobalSection
	GlobalSection(ProjectConfigurationPlatforms) = postSolution
		{713D9D84-BB07-4841-82B4-992770A71D3F}.Debug|Any CPU.ActiveCfg = Debug|Any CPU
		{713D9D84-BB07-4841-82B4-992770A71D3F}.Debug|Any CPU.Build.0 = Debug|Any CPU
		{713D9D84-BB07-4841-82B4-992770A71D3F}.Release|Any CPU.ActiveCfg = Release|Any CPU
		{713D9D84-BB07-4841-82B4-992770A71D3F}.Release|Any CPU.Build.0 = Release|Any CPU
		{B0AF4828-02B3-4699-B084-A26D75A99C62}.Debug|Any CPU.ActiveCfg = Debug|Any CPU
		{B0AF4828-02B3-4699-B084-A26D75A99C62}.Debug|Any CPU.Build.0 = Debug|Any CPU
		{B0AF4828-02B3-4699-B084-A26D75A99C62}.Release|Any CPU.ActiveCfg = Release|Any CPU
		{B0AF4828-02B3-4699-B084-A26D75A99C62}.Release|Any CPU.Build.0 = Release|Any CPU
		{B4C275B2-7C47-4F3C-9B55-01F913B97359}.Debug|Any CPU.ActiveCfg = Debug|Any CPU
		{B4C275B2-7C47-4F3C-9B55-01F913B97359}.Debug|Any CPU.Build.0 = Debug|Any CPU
		{B4C275B2-7C47-4F3C-9B55-01F913B97359}.Release|Any CPU.ActiveCfg = Release|Any CPU
		{B4C275B2-7C47-4F3C-9B55-01F913B97359}.Release|Any CPU.Build.0 = Release|Any CPU
		{C3B502FA-C8AD-4523-BF90-7D6F0F95D7BD}.Debug|Any CPU.ActiveCfg = Debug|Any CPU
		{C3B502FA-C8AD-4523-BF90-7D6F0F95D7BD}.Debug|Any CPU.Build.0 = Debug|Any CPU
		{C3B502FA-C8AD-4523-BF90-7D6F0F95D7BD}.Release|Any CPU.ActiveCfg = Release|Any CPU
		{C3B502FA-C8AD-4523-BF90-7D6F0F95D7BD}.Release|Any CPU.Build.0 = Release|Any CPU
		{08B5EBBD-7FAE-44A6-B275-7A6D4A43FE97}.Debug|Any CPU.ActiveCfg = Debug|Any CPU
		{08B5EBBD-7FAE-44A6-B275-7A6D4A43FE97}.Debug|Any CPU.Build.0 = Debug|Any CPU
		{08B5EBBD-7FAE-44A6-B275-7A6D4A43FE97}.Release|Any CPU.ActiveCfg = Release|Any CPU
		{08B5EBBD-7FAE-44A6-B275-7A6D4A43FE97}.Release|Any CPU.Build.0 = Release|Any CPU
		{DC68D0A1-235F-41E2-8069-C072827545A9}.Debug|Any CPU.ActiveCfg = Debug|Any CPU
		{DC68D0A1-235F-41E2-8069-C072827545A9}.Debug|Any CPU.Build.0 = Debug|Any CPU
		{DC68D0A1-235F-41E2-8069-C072827545A9}.Release|Any CPU.ActiveCfg = Release|Any CPU
		{DC68D0A1-235F-41E2-8069-C072827545A9}.Release|Any CPU.Build.0 = Release|Any CPU
		{4E813B70-96B4-4DE1-A2C9-500F1D4DE4B2}.Debug|Any CPU.ActiveCfg = Debug|Any CPU
		{4E813B70-96B4-4DE1-A2C9-500F1D4DE4B2}.Debug|Any CPU.Build.0 = Debug|Any CPU
		{4E813B70-96B4-4DE1-A2C9-500F1D4DE4B2}.Release|Any CPU.ActiveCfg = Release|Any CPU
		{4E813B70-96B4-4DE1-A2C9-500F1D4DE4B2}.Release|Any CPU.Build.0 = Release|Any CPU
		{4BD4DEA6-C365-4BE6-A4C0-1F9C5CC4AE50}.Debug|Any CPU.ActiveCfg = Debug|Any CPU
		{4BD4DEA6-C365-4BE6-A4C0-1F9C5CC4AE50}.Debug|Any CPU.Build.0 = Debug|Any CPU
		{4BD4DEA6-C365-4BE6-A4C0-1F9C5CC4AE50}.Release|Any CPU.ActiveCfg = Release|Any CPU
		{4BD4DEA6-C365-4BE6-A4C0-1F9C5CC4AE50}.Release|Any CPU.Build.0 = Release|Any CPU
		{83ECA13A-1927-42C5-97B8-EF750CCAE8DB}.Debug|Any CPU.ActiveCfg = Debug|Any CPU
		{83ECA13A-1927-42C5-97B8-EF750CCAE8DB}.Debug|Any CPU.Build.0 = Debug|Any CPU
		{83ECA13A-1927-42C5-97B8-EF750CCAE8DB}.Release|Any CPU.ActiveCfg = Release|Any CPU
		{83ECA13A-1927-42C5-97B8-EF750CCAE8DB}.Release|Any CPU.Build.0 = Release|Any CPU
		{79FDE682-B5D7-4C68-9BC3-B88C827014A8}.Debug|Any CPU.ActiveCfg = Debug|Any CPU
		{79FDE682-B5D7-4C68-9BC3-B88C827014A8}.Debug|Any CPU.Build.0 = Debug|Any CPU
		{79FDE682-B5D7-4C68-9BC3-B88C827014A8}.Release|Any CPU.ActiveCfg = Release|Any CPU
		{79FDE682-B5D7-4C68-9BC3-B88C827014A8}.Release|Any CPU.Build.0 = Release|Any CPU
		{5E20A151-A023-4124-97DD-FAD45BC846DA}.Debug|Any CPU.ActiveCfg = Debug|Any CPU
		{5E20A151-A023-4124-97DD-FAD45BC846DA}.Debug|Any CPU.Build.0 = Debug|Any CPU
		{5E20A151-A023-4124-97DD-FAD45BC846DA}.Release|Any CPU.ActiveCfg = Release|Any CPU
		{5E20A151-A023-4124-97DD-FAD45BC846DA}.Release|Any CPU.Build.0 = Release|Any CPU
		{0AB44E35-B19A-4B34-8D2A-AFDA89EF3085}.Debug|Any CPU.ActiveCfg = Debug|Any CPU
		{0AB44E35-B19A-4B34-8D2A-AFDA89EF3085}.Debug|Any CPU.Build.0 = Debug|Any CPU
		{0AB44E35-B19A-4B34-8D2A-AFDA89EF3085}.Release|Any CPU.ActiveCfg = Release|Any CPU
		{0AB44E35-B19A-4B34-8D2A-AFDA89EF3085}.Release|Any CPU.Build.0 = Release|Any CPU
		{291B412E-263C-4361-8607-19A5180D1119}.Debug|Any CPU.ActiveCfg = Debug|Any CPU
		{291B412E-263C-4361-8607-19A5180D1119}.Debug|Any CPU.Build.0 = Debug|Any CPU
		{291B412E-263C-4361-8607-19A5180D1119}.Release|Any CPU.ActiveCfg = Release|Any CPU
		{291B412E-263C-4361-8607-19A5180D1119}.Release|Any CPU.Build.0 = Release|Any CPU
		{AC30A38B-A268-487A-9442-B131CDC0C4F0}.Debug|Any CPU.ActiveCfg = Debug|Any CPU
		{AC30A38B-A268-487A-9442-B131CDC0C4F0}.Debug|Any CPU.Build.0 = Debug|Any CPU
		{AC30A38B-A268-487A-9442-B131CDC0C4F0}.Release|Any CPU.ActiveCfg = Release|Any CPU
		{AC30A38B-A268-487A-9442-B131CDC0C4F0}.Release|Any CPU.Build.0 = Release|Any CPU
	EndGlobalSection
	GlobalSection(SolutionProperties) = preSolution
		HideSolutionNode = FALSE
	EndGlobalSection
	GlobalSection(NestedProjects) = preSolution
		{9DF9AB64-93AE-4BD2-8061-89719DBE3FB0} = {D91A6054-31C7-4F89-B155-2A2A0E5C2EE4}
		{713D9D84-BB07-4841-82B4-992770A71D3F} = {9DF9AB64-93AE-4BD2-8061-89719DBE3FB0}
		{CE37EBE5-DC9D-4AD7-B78E-ECDF65E01231} = {D91A6054-31C7-4F89-B155-2A2A0E5C2EE4}
		{B0AF4828-02B3-4699-B084-A26D75A99C62} = {CE37EBE5-DC9D-4AD7-B78E-ECDF65E01231}
		{B4C275B2-7C47-4F3C-9B55-01F913B97359} = {CE37EBE5-DC9D-4AD7-B78E-ECDF65E01231}
		{4525DE21-611F-4A33-A475-B45E950D8DF8} = {D91A6054-31C7-4F89-B155-2A2A0E5C2EE4}
		{4E268103-4AA1-4B38-8C1A-AC2B26216D44} = {4525DE21-611F-4A33-A475-B45E950D8DF8}
		{C3B502FA-C8AD-4523-BF90-7D6F0F95D7BD} = {4E268103-4AA1-4B38-8C1A-AC2B26216D44}
		{225A26EF-237A-4F28-9A7F-1D464716148B} = {4525DE21-611F-4A33-A475-B45E950D8DF8}
		{08B5EBBD-7FAE-44A6-B275-7A6D4A43FE97} = {225A26EF-237A-4F28-9A7F-1D464716148B}
		{03361916-49BB-44BA-B394-B950749C40A9} = {4525DE21-611F-4A33-A475-B45E950D8DF8}
		{DC68D0A1-235F-41E2-8069-C072827545A9} = {03361916-49BB-44BA-B394-B950749C40A9}
		{68CDA212-5AAC-497B-9D53-B3A285F96E63} = {D91A6054-31C7-4F89-B155-2A2A0E5C2EE4}
		{4E813B70-96B4-4DE1-A2C9-500F1D4DE4B2} = {68CDA212-5AAC-497B-9D53-B3A285F96E63}
		{4BD4DEA6-C365-4BE6-A4C0-1F9C5CC4AE50} = {68CDA212-5AAC-497B-9D53-B3A285F96E63}
		{DDD5257C-10D0-41DF-8D7F-8C79B9416BCC} = {2CA42B72-0870-411C-B5B2-2E0C31C3B94C}
		{83ECA13A-1927-42C5-97B8-EF750CCAE8DB} = {DDD5257C-10D0-41DF-8D7F-8C79B9416BCC}
		{6D83689F-74A3-4FB2-AFCB-F90FDC0E56F4} = {2CA42B72-0870-411C-B5B2-2E0C31C3B94C}
		{79FDE682-B5D7-4C68-9BC3-B88C827014A8} = {6D83689F-74A3-4FB2-AFCB-F90FDC0E56F4}
		{5E20A151-A023-4124-97DD-FAD45BC846DA} = {6D83689F-74A3-4FB2-AFCB-F90FDC0E56F4}
		{EE8DCB73-0F59-463C-8932-E721D90597DF} = {0E93DF04-3130-43AB-8F12-ED23AB12B29A}
		{291B412E-263C-4361-8607-19A5180D1119} = {EE8DCB73-0F59-463C-8932-E721D90597DF}
		{AC30A38B-A268-487A-9442-B131CDC0C4F0} = {EE8DCB73-0F59-463C-8932-E721D90597DF}
	EndGlobalSection
	GlobalSection(ExtensibilityGlobals) = postSolution
		SolutionGuid = {641A00EC-0E84-42C7-A30E-A6D8AFF7C984}
	EndGlobalSection
EndGlobal
