
Microsoft Visual Studio Solution File, Format Version 12.00
# Visual Studio Version 17
VisualStudioVersion = 17.0.31903.59
MinimumVisualStudioVersion = 10.0.40219.1
Project("{2150E333-8FDC-42A3-9474-1A3956D46DE8}") = "sdk", "sdk", "{D91A6054-31C7-4F89-B155-2A2A0E5C2EE4}"
EndProject
Project("{2150E333-8FDC-42A3-9474-1A3956D46DE8}") = "EventBus", "EventBus", "{9DF9AB64-93AE-4BD2-8061-89719DBE3FB0}"
EndProject
Project("{FAE04EC0-301F-11D3-BF4B-00C04F79EFBC}") = "ParusRX.EventBus", "sdk\EventBus\src\ParusRX.EventBus.csproj", "{713D9D84-BB07-4841-82B4-992770A71D3F}"
EndProject
Project("{2150E333-8FDC-42A3-9474-1A3956D46DE8}") = "XML", "XML", "{CE37EBE5-DC9D-4AD7-B78E-ECDF65E01231}"
EndProject
Project("{FAE04EC0-301F-11D3-BF4B-00C04F79EFBC}") = "ParusRX.Xml", "sdk\XML\src\ParusRX.Xml.csproj", "{B0AF4828-02B3-4699-B084-A26D75A99C62}"
EndProject
Project("{FAE04EC0-301F-11D3-BF4B-00C04F79EFBC}") = "ParusRX.Xml.Tests", "sdk\XML\test\ParusRX.Xml.Tests.csproj", "{B4C275B2-7C47-4F3C-9B55-01F913B97359}"
EndProject
Global
	GlobalSection(SolutionConfigurationPlatforms) = preSolution
		Debug|Any CPU = Debug|Any CPU
		Release|Any CPU = Release|Any CPU
	EndGlobalSection
	GlobalSection(SolutionProperties) = preSolution
		HideSolutionNode = FALSE
	EndGlobalSection
	GlobalSection(ProjectConfigurationPlatforms) = postSolution
		{713D9D84-BB07-4841-82B4-992770A71D3F}.Debug|Any CPU.ActiveCfg = Debug|Any CPU
		{713D9D84-BB07-4841-82B4-992770A71D3F}.Debug|Any CPU.Build.0 = Debug|Any CPU
		{713D9D84-BB07-4841-82B4-992770A71D3F}.Release|Any CPU.ActiveCfg = Release|Any CPU
		{713D9D84-BB07-4841-82B4-992770A71D3F}.Release|Any CPU.Build.0 = Release|Any CPU
		{B0AF4828-02B3-4699-B084-A26D75A99C62}.Debug|Any CPU.ActiveCfg = Debug|Any CPU
		{B0AF4828-02B3-4699-B084-A26D75A99C62}.Debug|Any CPU.Build.0 = Debug|Any CPU
		{B0AF4828-02B3-4699-B084-A26D75A99C62}.Release|Any CPU.ActiveCfg = Release|Any CPU
		{B0AF4828-02B3-4699-B084-A26D75A99C62}.Release|Any CPU.Build.0 = Release|Any CPU
		{B4C275B2-7C47-4F3C-9B55-01F913B97359}.Debug|Any CPU.ActiveCfg = Debug|Any CPU
		{B4C275B2-7C47-4F3C-9B55-01F913B97359}.Debug|Any CPU.Build.0 = Debug|Any CPU
		{B4C275B2-7C47-4F3C-9B55-01F913B97359}.Release|Any CPU.ActiveCfg = Release|Any CPU
		{B4C275B2-7C47-4F3C-9B55-01F913B97359}.Release|Any CPU.Build.0 = Release|Any CPU
	EndGlobalSection
	GlobalSection(NestedProjects) = preSolution
		{9DF9AB64-93AE-4BD2-8061-89719DBE3FB0} = {D91A6054-31C7-4F89-B155-2A2A0E5C2EE4}
		{713D9D84-BB07-4841-82B4-992770A71D3F} = {9DF9AB64-93AE-4BD2-8061-89719DBE3FB0}
		{CE37EBE5-DC9D-4AD7-B78E-ECDF65E01231} = {D91A6054-31C7-4F89-B155-2A2A0E5C2EE4}
		{B0AF4828-02B3-4699-B084-A26D75A99C62} = {CE37EBE5-DC9D-4AD7-B78E-ECDF65E01231}
		{B4C275B2-7C47-4F3C-9B55-01F913B97359} = {CE37EBE5-DC9D-4AD7-B78E-ECDF65E01231}
	EndGlobalSection
EndGlobal
